// !$*UTF8*$!
{
	archiveVersion = 1;
	classes = {
	};
	objectVersion = 48;
	objects = {

/* Begin PBXBuildFile section */
		AB5385CC1F5F84190032191E /* AppDelegate.m in Sources */ = {isa = PBXBuildFile; fileRef = AB5385CB1F5F84190032191E /* AppDelegate.m */; };
		AB5385D21F5F84190032191E /* Main.storyboard in Resources */ = {isa = PBXBuildFile; fileRef = AB5385D01F5F84190032191E /* Main.storyboard */; };
		AB5385D41F5F84190032191E /* Assets.xcassets in Resources */ = {isa = PBXBuildFile; fileRef = AB5385D31F5F84190032191E /* Assets.xcassets */; };
		AB5385D71F5F84190032191E /* LaunchScreen.storyboard in Resources */ = {isa = PBXBuildFile; fileRef = AB5385D51F5F84190032191E /* LaunchScreen.storyboard */; };
		AB5385DA1F5F84190032191E /* main.m in Sources */ = {isa = PBXBuildFile; fileRef = AB5385D91F5F84190032191E /* main.m */; };
		AB5385E21F5F84570032191E /* BNRHypnosisViewController.m in Sources */ = {isa = PBXBuildFile; fileRef = AB5385E11F5F84570032191E /* BNRHypnosisViewController.m */; };
		AB5385E51F5F84750032191E /* BNRReminderViewController.m in Sources */ = {isa = PBXBuildFile; fileRef = AB5385E41F5F84750032191E /* BNRReminderViewController.m */; };
		AB5385EE1F5F853F0032191E /* BNRHypnosisView.m in Sources */ = {isa = PBXBuildFile; fileRef = AB5385EC1F5F853E0032191E /* BNRHypnosisView.m */; };
/* End PBXBuildFile section */

/* Begin PBXFileReference section */
		AB5385C71F5F84190032191E /* HypnoNerd.app */ = {isa = PBXFileReference; explicitFileType = wrapper.application; includeInIndex = 0; path = HypnoNerd.app; sourceTree = BUILT_PRODUCTS_DIR; };
		AB5385CA1F5F84190032191E /* AppDelegate.h */ = {isa = PBXFileReference; lastKnownFileType = sourcecode.c.h; path = AppDelegate.h; sourceTree = "<group>"; };
		AB5385CB1F5F84190032191E /* AppDelegate.m */ = {isa = PBXFileReference; lastKnownFileType = sourcecode.c.objc; path = AppDelegate.m; sourceTree = "<group>"; };
		AB5385D11F5F84190032191E /* Base */ = {isa = PBXFileReference; lastKnownFileType = file.storyboard; name = Base; path = Base.lproj/Main.storyboard; sourceTree = "<group>"; };
		AB5385D31F5F84190032191E /* Assets.xcassets */ = {isa = PBXFileReference; lastKnownFileType = folder.assetcatalog; path = Assets.xcassets; sourceTree = "<group>"; };
		AB5385D61F5F84190032191E /* Base */ = {isa = PBXFileReference; lastKnownFileType = file.storyboard; name = Base; path = Base.lproj/LaunchScreen.storyboard; sourceTree = "<group>"; };
		AB5385D81F5F84190032191E /* Info.plist */ = {isa = PBXFileReference; lastKnownFileType = text.plist.xml; path = Info.plist; sourceTree = "<group>"; };
		AB5385D91F5F84190032191E /* main.m */ = {isa = PBXFileReference; lastKnownFileType = sourcecode.c.objc; path = main.m; sourceTree = "<group>"; };
		AB5385E01F5F84570032191E /* BNRHypnosisViewController.h */ = {isa = PBXFileReference; lastKnownFileType = sourcecode.c.h; path = BNRHypnosisViewController.h; sourceTree = "<group>"; };
		AB5385E11F5F84570032191E /* BNRHypnosisViewController.m */ = {isa = PBXFileReference; lastKnownFileType = sourcecode.c.objc; path = BNRHypnosisViewController.m; sourceTree = "<group>"; };
		AB5385E31F5F84750032191E /* BNRReminderViewController.h */ = {isa = PBXFileReference; lastKnownFileType = sourcecode.c.h; path = BNRReminderViewController.h; sourceTree = "<group>"; };
		AB5385E41F5F84750032191E /* BNRReminderViewController.m */ = {isa = PBXFileReference; lastKnownFileType = sourcecode.c.objc; path = BNRReminderViewController.m; sourceTree = "<group>"; };
		AB5385EC1F5F853E0032191E /* BNRHypnosisView.m */ = {isa = PBXFileReference; lastKnownFileType = sourcecode.c.objc; path = BNRHypnosisView.m; sourceTree = "<group>"; };
		AB5385ED1F5F853E0032191E /* BNRHypnosisView.h */ = {isa = PBXFileReference; lastKnownFileType = sourcecode.c.h; path = BNRHypnosisView.h; sourceTree = "<group>"; };
/* End PBXFileReference section */

/* Begin PBXFrameworksBuildPhase section */
		AB5385C41F5F84190032191E /* Frameworks */ = {
			isa = PBXFrameworksBuildPhase;
			buildActionMask = 2147483647;
			files = (
			);
			runOnlyForDeploymentPostprocessing = 0;
		};
/* End PBXFrameworksBuildPhase section */

/* Begin PBXGroup section */
		AB5385BE1F5F84190032191E = {
			isa = PBXGroup;
			children = (
				AB5385C91F5F84190032191E /* HypnoNerd */,
				AB5385C81F5F84190032191E /* Products */,
			);
			sourceTree = "<group>";
		};
		AB5385C81F5F84190032191E /* Products */ = {
			isa = PBXGroup;
			children = (
				AB5385C71F5F84190032191E /* HypnoNerd.app */,
			);
			name = Products;
			sourceTree = "<group>";
		};
		AB5385C91F5F84190032191E /* HypnoNerd */ = {
			isa = PBXGroup;
			children = (
				AB5385CA1F5F84190032191E /* AppDelegate.h */,
				AB5385CB1F5F84190032191E /* AppDelegate.m */,
				AB5385E01F5F84570032191E /* BNRHypnosisViewController.h */,
				AB5385E11F5F84570032191E /* BNRHypnosisViewController.m */,
				AB5385E31F5F84750032191E /* BNRReminderViewController.h */,
				AB5385E41F5F84750032191E /* BNRReminderViewController.m */,
				AB5385ED1F5F853E0032191E /* BNRHypnosisView.h */,
				AB5385EC1F5F853E0032191E /* BNRHypnosisView.m */,
				AB5385D01F5F84190032191E /* Main.storyboard */,
				AB5385D31F5F84190032191E /* Assets.xcassets */,
				AB5385D51F5F84190032191E /* LaunchScreen.storyboard */,
				AB5385D81F5F84190032191E /* Info.plist */,
				AB5385D91F5F84190032191E /* main.m */,
			);
			path = HypnoNerd;
			sourceTree = "<group>";
		};
/* End PBXGroup section */

/* Begin PBXNativeTarget section */
		AB5385C61F5F84190032191E /* HypnoNerd */ = {
			isa = PBXNativeTarget;
			buildConfigurationList = AB5385DD1F5F84190032191E /* Build configuration list for PBXNativeTarget "HypnoNerd" */;
			buildPhases = (
				AB5385C31F5F84190032191E /* Sources */,
				AB5385C41F5F84190032191E /* Frameworks */,
				AB5385C51F5F84190032191E /* Resources */,
			);
			buildRules = (
			);
			dependencies = (
			);
			name = HypnoNerd;
			productName = HypnoNerd;
			productReference = AB5385C71F5F84190032191E /* HypnoNerd.app */;
			productType = "com.apple.product-type.application";
		};
/* End PBXNativeTarget section */

/* Begin PBXProject section */
		AB5385BF1F5F84190032191E /* Project object */ = {
			isa = PBXProject;
			attributes = {
				LastUpgradeCheck = 0900;
				ORGANIZATIONNAME = "China UnionPay";
				TargetAttributes = {
					AB5385C61F5F84190032191E = {
						CreatedOnToolsVersion = 9.0;
					};
				};
			};
			buildConfigurationList = AB5385C21F5F84190032191E /* Build configuration list for PBXProject "HypnoNerd" */;
			compatibilityVersion = "Xcode 8.0";
			developmentRegion = en;
			hasScannedForEncodings = 0;
			knownRegions = (
				en,
				Base,
			);
			mainGroup = AB5385BE1F5F84190032191E;
			productRefGroup = AB5385C81F5F84190032191E /* Products */;
			projectDirPath = "";
			projectRoot = "";
			targets = (
				AB5385C61F5F84190032191E /* HypnoNerd */,
			);
		};
/* End PBXProject section */

/* Begin PBXResourcesBuildPhase section */
		AB5385C51F5F84190032191E /* Resources */ = {
			isa = PBXResourcesBuildPhase;
			buildActionMask = 2147483647;
			files = (
				AB5385D71F5F84190032191E /* LaunchScreen.storyboard in Resources */,
				AB5385D41F5F84190032191E /* Assets.xcassets in Resources */,
				AB5385D21F5F84190032191E /* Main.storyboard in Resources */,
			);
			runOnlyForDeploymentPostprocessing = 0;
		};
/* End PBXResourcesBuildPhase section */

/* Begin PBXSourcesBuildPhase section */
		AB5385C31F5F84190032191E /* Sources */ = {
			isa = PBXSourcesBuildPhase;
			buildActionMask = 2147483647;
			files = (
				AB5385DA1F5F84190032191E /* main.m in Sources */,
				AB5385E51F5F84750032191E /* BNRReminderViewController.m in Sources */,
				AB5385E21F5F84570032191E /* BNRHypnosisViewController.m in Sources */,
				AB5385EE1F5F853F0032191E /* BNRHypnosisView.m in Sources */,
				AB5385CC1F5F84190032191E /* AppDelegate.m in Sources */,
			);
			runOnlyForDeploymentPostprocessing = 0;
		};
/* End PBXSourcesBuildPhase section */

/* Begin PBXVariantGroup section */
		AB5385D01F5F84190032191E /* Main.storyboard */ = {
			isa = PBXVariantGroup;
			children = (
				AB5385D11F5F84190032191E /* Base */,
			);
			name = Main.storyboard;
			sourceTree = "<group>";
		};
		AB5385D51F5F84190032191E /* LaunchScreen.storyboard */ = {
			isa = PBXVariantGroup;
			children = (
				AB5385D61F5F84190032191E /* Base */,
			);
			name = LaunchScreen.storyboard;
			sourceTree = "<group>";
		};
/* End PBXVariantGroup section */

/* Begin XCBuildConfiguration section */
		AB5385DB1F5F84190032191E /* Debug */ = {
			isa = XCBuildConfiguration;
			buildSettings = {
				ALWAYS_SEARCH_USER_PATHS = NO;
				CLANG_ANALYZER_NONNULL = YES;
				CLANG_ANALYZER_NUMBER_OBJECT_CONVERSION = YES_AGGRESSIVE;
				CLANG_CXX_LANGUAGE_STANDARD = "gnu++14";
				CLANG_CXX_LIBRARY = "libc++";
				CLANG_ENABLE_MODULES = YES;
				CLANG_ENABLE_OBJC_ARC = YES;
				CLANG_WARN_BLOCK_CAPTURE_AUTORELEASING = YES;
				CLANG_WARN_BOOL_CONVERSION = YES;
				CLANG_WARN_COMMA = YES;
				CLANG_WARN_CONSTANT_CONVERSION = YES;
				CLANG_WARN_DIRECT_OBJC_ISA_USAGE = YES_ERROR;
				CLANG_WARN_DOCUMENTATION_COMMENTS = YES;
				CLANG_WARN_EMPTY_BODY = YES;
				CLANG_WARN_ENUM_CONVERSION = YES;
				CLANG_WARN_INFINITE_RECURSION = YES;
				CLANG_WARN_INT_CONVERSION = YES;
				CLANG_WARN_NON_LITERAL_NULL_CONVERSION = YES;
				CLANG_WARN_OBJC_LITERAL_CONVERSION = YES;
				CLANG_WARN_OBJC_ROOT_CLASS = YES_ERROR;
				CLANG_WARN_RANGE_LOOP_ANALYSIS = YES;
				CLANG_WARN_STRICT_PROTOTYPES = YES;
				CLANG_WARN_SUSPICIOUS_MOVE = YES;
				CLANG_WARN_UNGUARDED_AVAILABILITY = YES_AGGRESSIVE;
				CLANG_WARN_UNREACHABLE_CODE = YES;
				CLANG_WARN__DUPLICATE_METHOD_MATCH = YES;
				CODE_SIGN_IDENTITY = "iPhone Developer";
				COPY_PHASE_STRIP = NO;
				DEBUG_INFORMATION_FORMAT = dwarf;
				ENABLE_STRICT_OBJC_MSGSEND = YES;
				ENABLE_TESTABILITY = YES;
				GCC_C_LANGUAGE_STANDARD = gnu11;
				GCC_DYNAMIC_NO_PIC = NO;
				GCC_NO_COMMON_BLOCKS = YES;
				GCC_OPTIMIZATION_LEVEL = 0;
				GCC_PREPROCESSOR_DEFINITIONS = (
					"DEBUG=1",
					"$(inherited)",
				);
				GCC_WARN_64_TO_32_BIT_CONVERSION = YES;
				GCC_WARN_ABOUT_RETURN_TYPE = YES_ERROR;
				GCC_WARN_UNDECLARED_SELECTOR = YES;
				GCC_WARN_UNINITIALIZED_AUTOS = YES_AGGRESSIVE;
				GCC_WARN_UNUSED_FUNCTION = YES;
				GCC_WARN_UNUSED_VARIABLE = YES;
				IPHONEOS_DEPLOYMENT_TARGET = 11.0;
				MTL_ENABLE_DEBUG_INFO = YES;
				ONLY_ACTIVE_ARCH = YES;
				SDKROOT = iphoneos;
			};
			name = Debug;
		};
		AB5385DC1F5F84190032191E /* Release */ = {
			isa = XCBuildConfiguration;
			buildSettings = {
				ALWAYS_SEARCH_USER_PATHS = NO;
				CLANG_ANALYZER_NONNULL = YES;
				CLANG_ANALYZER_NUMBER_OBJECT_CONVERSION = YES_AGGRESSIVE;
				CLANG_CXX_LANGUAGE_STANDARD = "gnu++14";
				CLANG_CXX_LIBRARY = "libc++";
				CLANG_ENABLE_MODULES = YES;
				CLANG_ENABLE_OBJC_ARC = YES;
				CLANG_WARN_BLOCK_CAPTURE_AUTORELEASING = YES;
				CLANG_WARN_BOOL_CONVERSION = YES;
				CLANG_WARN_COMMA = YES;
				CLANG_WARN_CONSTANT_CONVERSION = YES;
				CLANG_WARN_DIRECT_OBJC_ISA_USAGE = YES_ERROR;
				CLANG_WARN_DOCUMENTATION_COMMENTS = YES;
				CLANG_WARN_EMPTY_BODY = YES;
				CLANG_WARN_ENUM_CONVERSION = YES;
				CLANG_WARN_INFINITE_RECURSION = YES;
				CLANG_WARN_INT_CONVERSION = YES;
				CLANG_WARN_NON_LITERAL_NULL_CONVERSION = YES;
				CLANG_WARN_OBJC_LITERAL_CONVERSION = YES;
				CLANG_WARN_OBJC_ROOT_CLASS = YES_ERROR;
				CLANG_WARN_RANGE_LOOP_ANALYSIS = YES;
				CLANG_WARN_STRICT_PROTOTYPES = YES;
				CLANG_WARN_SUSPICIOUS_MOVE = YES;
				CLANG_WARN_UNGUARDED_AVAILABILITY = YES_AGGRESSIVE;
				CLANG_WARN_UNREACHABLE_CODE = YES;
				CLANG_WARN__DUPLICATE_METHOD_MATCH = YES;
				CODE_SIGN_IDENTITY = "iPhone Developer";
				COPY_PHASE_STRIP = NO;
				DEBUG_INFORMATION_FORMAT = "dwarf-with-dsym";
				ENABLE_NS_ASSERTIONS = NO;
				ENABLE_STRICT_OBJC_MSGSEND = YES;
				GCC_C_LANGUAGE_STANDARD = gnu11;
				GCC_NO_COMMON_BLOCKS = YES;
				GCC_WARN_64_TO_32_BIT_CONVERSION = YES;
				GCC_WARN_ABOUT_RETURN_TYPE = YES_ERROR;
				GCC_WARN_UNDECLARED_SELECTOR = YES;
				GCC_WARN_UNINITIALIZED_AUTOS = YES_AGGRESSIVE;
				GCC_WARN_UNUSED_FUNCTION = YES;
				GCC_WARN_UNUSED_VARIABLE = YES;
				IPHONEOS_DEPLOYMENT_TARGET = 11.0;
				MTL_ENABLE_DEBUG_INFO = NO;
				SDKROOT = iphoneos;
				VALIDATE_PRODUCT = YES;
			};
			name = Release;
		};
		AB5385DE1F5F84190032191E /* Debug */ = {
			isa = XCBuildConfiguration;
			buildSettings = {
				ASSETCATALOG_COMPILER_APPICON_NAME = AppIcon;
				DEVELOPMENT_TEAM = P3V7X37F97;
				INFOPLIST_FILE = HypnoNerd/Info.plist;
				LD_RUNPATH_SEARCH_PATHS = "$(inherited) @executable_path/Frameworks";
				PRODUCT_BUNDLE_IDENTIFIER = com.unionpay.HypnoNerd;
				PRODUCT_NAME = "$(TARGET_NAME)";
				TARGETED_DEVICE_FAMILY = "1,2";
			};
			name = Debug;
		};
		AB5385DF1F5F84190032191E /* Release */ = {
			isa = XCBuildConfiguration;
			buildSettings = {
				ASSETCATALOG_COMPILER_APPICON_NAME = AppIcon;
				DEVELOPMENT_TEAM = P3V7X37F97;
				INFOPLIST_FILE = HypnoNerd/Info.plist;
				LD_RUNPATH_SEARCH_PATHS = "$(inherited) @executable_path/Frameworks";
				PRODUCT_BUNDLE_IDENTIFIER = com.unionpay.HypnoNerd;
				PRODUCT_NAME = "$(TARGET_NAME)";
				TARGETED_DEVICE_FAMILY = "1,2";
			};
			name = Release;
		};
/* End XCBuildConfiguration section */

/* Begin XCConfigurationList section */
		AB5385C21F5F84190032191E /* Build configuration list for PBXProject "HypnoNerd" */ = {
			isa = XCConfigurationList;
			buildConfigurations = (
				AB5385DB1F5F84190032191E /* Debug */,
				AB5385DC1F5F84190032191E /* Release */,
			);
			defaultConfigurationIsVisible = 0;
			defaultConfigurationName = Release;
		};
		AB5385DD1F5F84190032191E /* Build configuration list for PBXNativeTarget "HypnoNerd" */ = {
			isa = XCConfigurationList;
			buildConfigurations = (
				AB5385DE1F5F84190032191E /* Debug */,
				AB5385DF1F5F84190032191E /* Release */,
			);
			defaultConfigurationIsVisible = 0;
			defaultConfigurationName = Release;
		};
/* End XCConfigurationList section */
	};
	rootObject = AB5385BF1F5F84190032191E /* Project object */;
}
