// !$*UTF8*$!
{
	archiveVersion = 1;
	classes = {
	};
	objectVersion = 48;
	objects = {

/* Begin PBXBuildFile section */
		ABE89FF71F696F6B00C73776 /* AppDelegate.m in Sources */ = {isa = PBXBuildFile; fileRef = ABE89FF61F696F6B00C73776 /* AppDelegate.m */; };
		ABE89FFD1F696F6B00C73776 /* Main.storyboard in Resources */ = {isa = PBXBuildFile; fileRef = ABE89FFB1F696F6B00C73776 /* Main.storyboard */; };
		ABE89FFF1F696F6B00C73776 /* Assets.xcassets in Resources */ = {isa = PBXBuildFile; fileRef = ABE89FFE1F696F6B00C73776 /* Assets.xcassets */; };
		ABE8A0021F696F6B00C73776 /* LaunchScreen.storyboard in Resources */ = {isa = PBXBuildFile; fileRef = ABE8A0001F696F6B00C73776 /* LaunchScreen.storyboard */; };
		ABE8A0051F696F6B00C73776 /* main.m in Sources */ = {isa = PBXBuildFile; fileRef = ABE8A0041F696F6B00C73776 /* main.m */; };
		ABE8A00D1F696FE600C73776 /* BNRItemsViewController.m in Sources */ = {isa = PBXBuildFile; fileRef = ABE8A00C1F696FE600C73776 /* BNRItemsViewController.m */; };
		ABE8A0101F6973F700C73776 /* BNRItem.m in Sources */ = {isa = PBXBuildFile; fileRef = ABE8A00E1F6973F600C73776 /* BNRItem.m */; };
		ABE8A0131F6974B600C73776 /* BNRItemStore.m in Sources */ = {isa = PBXBuildFile; fileRef = ABE8A0121F6974B600C73776 /* BNRItemStore.m */; };
/* End PBXBuildFile section */

/* Begin PBXFileReference section */
		ABE89FF21F696F6B00C73776 /* Homepwner.app */ = {isa = PBXFileReference; explicitFileType = wrapper.application; includeInIndex = 0; path = Homepwner.app; sourceTree = BUILT_PRODUCTS_DIR; };
		ABE89FF51F696F6B00C73776 /* AppDelegate.h */ = {isa = PBXFileReference; lastKnownFileType = sourcecode.c.h; path = AppDelegate.h; sourceTree = "<group>"; };
		ABE89FF61F696F6B00C73776 /* AppDelegate.m */ = {isa = PBXFileReference; lastKnownFileType = sourcecode.c.objc; path = AppDelegate.m; sourceTree = "<group>"; };
		ABE89FFC1F696F6B00C73776 /* Base */ = {isa = PBXFileReference; lastKnownFileType = file.storyboard; name = Base; path = Base.lproj/Main.storyboard; sourceTree = "<group>"; };
		ABE89FFE1F696F6B00C73776 /* Assets.xcassets */ = {isa = PBXFileReference; lastKnownFileType = folder.assetcatalog; path = Assets.xcassets; sourceTree = "<group>"; };
		ABE8A0011F696F6B00C73776 /* Base */ = {isa = PBXFileReference; lastKnownFileType = file.storyboard; name = Base; path = Base.lproj/LaunchScreen.storyboard; sourceTree = "<group>"; };
		ABE8A0031F696F6B00C73776 /* Info.plist */ = {isa = PBXFileReference; lastKnownFileType = text.plist.xml; path = Info.plist; sourceTree = "<group>"; };
		ABE8A0041F696F6B00C73776 /* main.m */ = {isa = PBXFileReference; lastKnownFileType = sourcecode.c.objc; path = main.m; sourceTree = "<group>"; };
		ABE8A00B1F696FE600C73776 /* BNRItemsViewController.h */ = {isa = PBXFileReference; lastKnownFileType = sourcecode.c.h; path = BNRItemsViewController.h; sourceTree = "<group>"; };
		ABE8A00C1F696FE600C73776 /* BNRItemsViewController.m */ = {isa = PBXFileReference; lastKnownFileType = sourcecode.c.objc; path = BNRItemsViewController.m; sourceTree = "<group>"; };
		ABE8A00E1F6973F600C73776 /* BNRItem.m */ = {isa = PBXFileReference; lastKnownFileType = sourcecode.c.objc; path = BNRItem.m; sourceTree = "<group>"; };
		ABE8A00F1F6973F700C73776 /* BNRItem.h */ = {isa = PBXFileReference; lastKnownFileType = sourcecode.c.h; path = BNRItem.h; sourceTree = "<group>"; };
		ABE8A0111F6974B600C73776 /* BNRItemStore.h */ = {isa = PBXFileReference; lastKnownFileType = sourcecode.c.h; path = BNRItemStore.h; sourceTree = "<group>"; };
		ABE8A0121F6974B600C73776 /* BNRItemStore.m */ = {isa = PBXFileReference; lastKnownFileType = sourcecode.c.objc; path = BNRItemStore.m; sourceTree = "<group>"; };
/* End PBXFileReference section */

/* Begin PBXFrameworksBuildPhase section */
		ABE89FEF1F696F6B00C73776 /* Frameworks */ = {
			isa = PBXFrameworksBuildPhase;
			buildActionMask = 2147483647;
			files = (
			);
			runOnlyForDeploymentPostprocessing = 0;
		};
/* End PBXFrameworksBuildPhase section */

/* Begin PBXGroup section */
		ABE89FE91F696F6B00C73776 = {
			isa = PBXGroup;
			children = (
				ABE89FF41F696F6B00C73776 /* Homepwner */,
				ABE89FF31F696F6B00C73776 /* Products */,
			);
			sourceTree = "<group>";
		};
		ABE89FF31F696F6B00C73776 /* Products */ = {
			isa = PBXGroup;
			children = (
				ABE89FF21F696F6B00C73776 /* Homepwner.app */,
			);
			name = Products;
			sourceTree = "<group>";
		};
		ABE89FF41F696F6B00C73776 /* Homepwner */ = {
			isa = PBXGroup;
			children = (
				ABE89FF51F696F6B00C73776 /* AppDelegate.h */,
				ABE89FF61F696F6B00C73776 /* AppDelegate.m */,
				ABE8A00B1F696FE600C73776 /* BNRItemsViewController.h */,
				ABE8A00C1F696FE600C73776 /* BNRItemsViewController.m */,
				ABE8A00F1F6973F700C73776 /* BNRItem.h */,
				ABE8A00E1F6973F600C73776 /* BNRItem.m */,
				ABE8A0111F6974B600C73776 /* BNRItemStore.h */,
				ABE8A0121F6974B600C73776 /* BNRItemStore.m */,
				ABE89FFB1F696F6B00C73776 /* Main.storyboard */,
				ABE89FFE1F696F6B00C73776 /* Assets.xcassets */,
				ABE8A0001F696F6B00C73776 /* LaunchScreen.storyboard */,
				ABE8A0031F696F6B00C73776 /* Info.plist */,
				ABE8A0041F696F6B00C73776 /* main.m */,
			);
			path = Homepwner;
			sourceTree = "<group>";
		};
/* End PBXGroup section */

/* Begin PBXNativeTarget section */
		ABE89FF11F696F6B00C73776 /* Homepwner */ = {
			isa = PBXNativeTarget;
			buildConfigurationList = ABE8A0081F696F6B00C73776 /* Build configuration list for PBXNativeTarget "Homepwner" */;
			buildPhases = (
				ABE89FEE1F696F6B00C73776 /* Sources */,
				ABE89FEF1F696F6B00C73776 /* Frameworks */,
				ABE89FF01F696F6B00C73776 /* Resources */,
			);
			buildRules = (
			);
			dependencies = (
			);
			name = Homepwner;
			productName = Homepwner;
			productReference = ABE89FF21F696F6B00C73776 /* Homepwner.app */;
			productType = "com.apple.product-type.application";
		};
/* End PBXNativeTarget section */

/* Begin PBXProject section */
		ABE89FEA1F696F6B00C73776 /* Project object */ = {
			isa = PBXProject;
			attributes = {
				LastUpgradeCheck = 0900;
				ORGANIZATIONNAME = Jonathan;
				TargetAttributes = {
					ABE89FF11F696F6B00C73776 = {
						CreatedOnToolsVersion = 9.0;
						ProvisioningStyle = Automatic;
					};
				};
			};
			buildConfigurationList = ABE89FED1F696F6B00C73776 /* Build configuration list for PBXProject "Homepwner" */;
			compatibilityVersion = "Xcode 8.0";
			developmentRegion = en;
			hasScannedForEncodings = 0;
			knownRegions = (
				en,
				Base,
			);
			mainGroup = ABE89FE91F696F6B00C73776;
			productRefGroup = ABE89FF31F696F6B00C73776 /* Products */;
			projectDirPath = "";
			projectRoot = "";
			targets = (
				ABE89FF11F696F6B00C73776 /* Homepwner */,
			);
		};
/* End PBXProject section */

/* Begin PBXResourcesBuildPhase section */
		ABE89FF01F696F6B00C73776 /* Resources */ = {
			isa = PBXResourcesBuildPhase;
			buildActionMask = 2147483647;
			files = (
				ABE8A0021F696F6B00C73776 /* LaunchScreen.storyboard in Resources */,
				ABE89FFF1F696F6B00C73776 /* Assets.xcassets in Resources */,
				ABE89FFD1F696F6B00C73776 /* Main.storyboard in Resources */,
			);
			runOnlyForDeploymentPostprocessing = 0;
		};
/* End PBXResourcesBuildPhase section */

/* Begin PBXSourcesBuildPhase section */
		ABE89FEE1F696F6B00C73776 /* Sources */ = {
			isa = PBXSourcesBuildPhase;
			buildActionMask = 2147483647;
			files = (
				ABE8A0131F6974B600C73776 /* BNRItemStore.m in Sources */,
				ABE8A00D1F696FE600C73776 /* BNRItemsViewController.m in Sources */,
				ABE8A0101F6973F700C73776 /* BNRItem.m in Sources */,
				ABE8A0051F696F6B00C73776 /* main.m in Sources */,
				ABE89FF71F696F6B00C73776 /* AppDelegate.m in Sources */,
			);
			runOnlyForDeploymentPostprocessing = 0;
		};
/* End PBXSourcesBuildPhase section */

/* Begin PBXVariantGroup section */
		ABE89FFB1F696F6B00C73776 /* Main.storyboard */ = {
			isa = PBXVariantGroup;
			children = (
				ABE89FFC1F696F6B00C73776 /* Base */,
			);
			name = Main.storyboard;
			sourceTree = "<group>";
		};
		ABE8A0001F696F6B00C73776 /* LaunchScreen.storyboard */ = {
			isa = PBXVariantGroup;
			children = (
				ABE8A0011F696F6B00C73776 /* Base */,
			);
			name = LaunchScreen.storyboard;
			sourceTree = "<group>";
		};
/* End PBXVariantGroup section */

/* Begin XCBuildConfiguration section */
		ABE8A0061F696F6B00C73776 /* Debug */ = {
			isa = XCBuildConfiguration;
			buildSettings = {
				ALWAYS_SEARCH_USER_PATHS = NO;
				CLANG_ANALYZER_NONNULL = YES;
				CLANG_ANALYZER_NUMBER_OBJECT_CONVERSION = YES_AGGRESSIVE;
				CLANG_CXX_LANGUAGE_STANDARD = "gnu++14";
				CLANG_CXX_LIBRARY = "libc++";
				CLANG_ENABLE_MODULES = YES;
				CLANG_ENABLE_OBJC_ARC = YES;
				CLANG_WARN_BLOCK_CAPTURE_AUTORELEASING = YES;
				CLANG_WARN_BOOL_CONVERSION = YES;
				CLANG_WARN_COMMA = YES;
				CLANG_WARN_CONSTANT_CONVERSION = YES;
				CLANG_WARN_DIRECT_OBJC_ISA_USAGE = YES_ERROR;
				CLANG_WARN_DOCUMENTATION_COMMENTS = YES;
				CLANG_WARN_EMPTY_BODY = YES;
				CLANG_WARN_ENUM_CONVERSION = YES;
				CLANG_WARN_INFINITE_RECURSION = YES;
				CLANG_WARN_INT_CONVERSION = YES;
				CLANG_WARN_NON_LITERAL_NULL_CONVERSION = YES;
				CLANG_WARN_OBJC_LITERAL_CONVERSION = YES;
				CLANG_WARN_OBJC_ROOT_CLASS = YES_ERROR;
				CLANG_WARN_RANGE_LOOP_ANALYSIS = YES;
				CLANG_WARN_STRICT_PROTOTYPES = YES;
				CLANG_WARN_SUSPICIOUS_MOVE = YES;
				CLANG_WARN_UNGUARDED_AVAILABILITY = YES_AGGRESSIVE;
				CLANG_WARN_UNREACHABLE_CODE = YES;
				CLANG_WARN__DUPLICATE_METHOD_MATCH = YES;
				CODE_SIGN_IDENTITY = "iPhone Developer";
				COPY_PHASE_STRIP = NO;
				DEBUG_INFORMATION_FORMAT = dwarf;
				ENABLE_STRICT_OBJC_MSGSEND = YES;
				ENABLE_TESTABILITY = YES;
				GCC_C_LANGUAGE_STANDARD = gnu11;
				GCC_DYNAMIC_NO_PIC = NO;
				GCC_NO_COMMON_BLOCKS = YES;
				GCC_OPTIMIZATION_LEVEL = 0;
				GCC_PREPROCESSOR_DEFINITIONS = (
					"DEBUG=1",
					"$(inherited)",
				);
				GCC_WARN_64_TO_32_BIT_CONVERSION = YES;
				GCC_WARN_ABOUT_RETURN_TYPE = YES_ERROR;
				GCC_WARN_UNDECLARED_SELECTOR = YES;
				GCC_WARN_UNINITIALIZED_AUTOS = YES_AGGRESSIVE;
				GCC_WARN_UNUSED_FUNCTION = YES;
				GCC_WARN_UNUSED_VARIABLE = YES;
				IPHONEOS_DEPLOYMENT_TARGET = 11.0;
				MTL_ENABLE_DEBUG_INFO = YES;
				ONLY_ACTIVE_ARCH = YES;
				SDKROOT = iphoneos;
			};
			name = Debug;
		};
		ABE8A0071F696F6B00C73776 /* Release */ = {
			isa = XCBuildConfiguration;
			buildSettings = {
				ALWAYS_SEARCH_USER_PATHS = NO;
				CLANG_ANALYZER_NONNULL = YES;
				CLANG_ANALYZER_NUMBER_OBJECT_CONVERSION = YES_AGGRESSIVE;
				CLANG_CXX_LANGUAGE_STANDARD = "gnu++14";
				CLANG_CXX_LIBRARY = "libc++";
				CLANG_ENABLE_MODULES = YES;
				CLANG_ENABLE_OBJC_ARC = YES;
				CLANG_WARN_BLOCK_CAPTURE_AUTORELEASING = YES;
				CLANG_WARN_BOOL_CONVERSION = YES;
				CLANG_WARN_COMMA = YES;
				CLANG_WARN_CONSTANT_CONVERSION = YES;
				CLANG_WARN_DIRECT_OBJC_ISA_USAGE = YES_ERROR;
				CLANG_WARN_DOCUMENTATION_COMMENTS = YES;
				CLANG_WARN_EMPTY_BODY = YES;
				CLANG_WARN_ENUM_CONVERSION = YES;
				CLANG_WARN_INFINITE_RECURSION = YES;
				CLANG_WARN_INT_CONVERSION = YES;
				CLANG_WARN_NON_LITERAL_NULL_CONVERSION = YES;
				CLANG_WARN_OBJC_LITERAL_CONVERSION = YES;
				CLANG_WARN_OBJC_ROOT_CLASS = YES_ERROR;
				CLANG_WARN_RANGE_LOOP_ANALYSIS = YES;
				CLANG_WARN_STRICT_PROTOTYPES = YES;
				CLANG_WARN_SUSPICIOUS_MOVE = YES;
				CLANG_WARN_UNGUARDED_AVAILABILITY = YES_AGGRESSIVE;
				CLANG_WARN_UNREACHABLE_CODE = YES;
				CLANG_WARN__DUPLICATE_METHOD_MATCH = YES;
				CODE_SIGN_IDENTITY = "iPhone Developer";
				COPY_PHASE_STRIP = NO;
				DEBUG_INFORMATION_FORMAT = "dwarf-with-dsym";
				ENABLE_NS_ASSERTIONS = NO;
				ENABLE_STRICT_OBJC_MSGSEND = YES;
				GCC_C_LANGUAGE_STANDARD = gnu11;
				GCC_NO_COMMON_BLOCKS = YES;
				GCC_WARN_64_TO_32_BIT_CONVERSION = YES;
				GCC_WARN_ABOUT_RETURN_TYPE = YES_ERROR;
				GCC_WARN_UNDECLARED_SELECTOR = YES;
				GCC_WARN_UNINITIALIZED_AUTOS = YES_AGGRESSIVE;
				GCC_WARN_UNUSED_FUNCTION = YES;
				GCC_WARN_UNUSED_VARIABLE = YES;
				IPHONEOS_DEPLOYMENT_TARGET = 11.0;
				MTL_ENABLE_DEBUG_INFO = NO;
				SDKROOT = iphoneos;
				VALIDATE_PRODUCT = YES;
			};
			name = Release;
		};
		ABE8A0091F696F6B00C73776 /* Debug */ = {
			isa = XCBuildConfiguration;
			buildSettings = {
				ASSETCATALOG_COMPILER_APPICON_NAME = AppIcon;
				CODE_SIGN_STYLE = Automatic;
				DEVELOPMENT_TEAM = P3V7X37F97;
				INFOPLIST_FILE = Homepwner/Info.plist;
				LD_RUNPATH_SEARCH_PATHS = "$(inherited) @executable_path/Frameworks";
				PRODUCT_BUNDLE_IDENTIFIER = com.unionpay.Homepwner;
				PRODUCT_NAME = "$(TARGET_NAME)";
				TARGETED_DEVICE_FAMILY = "1,2";
			};
			name = Debug;
		};
		ABE8A00A1F696F6B00C73776 /* Release */ = {
			isa = XCBuildConfiguration;
			buildSettings = {
				ASSETCATALOG_COMPILER_APPICON_NAME = AppIcon;
				CODE_SIGN_STYLE = Automatic;
				DEVELOPMENT_TEAM = P3V7X37F97;
				INFOPLIST_FILE = Homepwner/Info.plist;
				LD_RUNPATH_SEARCH_PATHS = "$(inherited) @executable_path/Frameworks";
				PRODUCT_BUNDLE_IDENTIFIER = com.unionpay.Homepwner;
				PRODUCT_NAME = "$(TARGET_NAME)";
				TARGETED_DEVICE_FAMILY = "1,2";
			};
			name = Release;
		};
/* End XCBuildConfiguration section */

/* Begin XCConfigurationList section */
		ABE89FED1F696F6B00C73776 /* Build configuration list for PBXProject "Homepwner" */ = {
			isa = XCConfigurationList;
			buildConfigurations = (
				ABE8A0061F696F6B00C73776 /* Debug */,
				ABE8A0071F696F6B00C73776 /* Release */,
			);
			defaultConfigurationIsVisible = 0;
			defaultConfigurationName = Release;
		};
		ABE8A0081F696F6B00C73776 /* Build configuration list for PBXNativeTarget "Homepwner" */ = {
			isa = XCConfigurationList;
			buildConfigurations = (
				ABE8A0091F696F6B00C73776 /* Debug */,
				ABE8A00A1F696F6B00C73776 /* Release */,
			);
			defaultConfigurationIsVisible = 0;
			defaultConfigurationName = Release;
		};
/* End XCConfigurationList section */
	};
	rootObject = ABE89FEA1F696F6B00C73776 /* Project object */;
}
